
Microsoft Visual Studio Solution File, Format Version 12.00
# Visual Studio Version 17
VisualStudioVersion = 17.2.32616.157
MinimumVisualStudioVersion = 10.0.40219.1
Project("{FAE04EC0-301F-11D3-BF4B-00C04F79EFBC}") = "SoapService", "SoapService\SoapService.csproj", "{D17B7BA3-A9E0-45C2-8632-E143CA10D23B}"
EndProject
Global
	GlobalSection(SolutionConfigurationPlatforms) = preSolution
		Debug|Any CPU = Debug|Any CPU
		Release|Any CPU = Release|Any CPU
	EndGlobalSection
	GlobalSection(ProjectConfigurationPlatforms) = postSolution
		{D17B7BA3-A9E0-45C2-8632-E143CA10D23B}.Debug|Any CPU.ActiveCfg = Debug|Any CPU
		{D17B7BA3-A9E0-45C2-8632-E143CA10D23B}.Debug|Any CPU.Build.0 = Debug|Any CPU
		{D17B7BA3-A9E0-45C2-8632-E143CA10D23B}.Release|Any CPU.ActiveCfg = Release|Any CPU
		{D17B7BA3-A9E0-45C2-8632-E143CA10D23B}.Release|Any CPU.Build.0 = Release|Any CPU
	EndGlobalSection
	GlobalSection(SolutionProperties) = preSolution
		HideSolutionNode = FALSE
	EndGlobalSection
	GlobalSection(ExtensibilityGlobals) = postSolution
		SolutionGuid = {457327F8-B6D2-436D-9A66-27ACA54190F0}
	EndGlobalSection
EndGlobal
